
Microsoft Visual Studio Solution File, Format Version 12.00
# Visual Studio Version 16
VisualStudioVersion = 16.0.30309.148
MinimumVisualStudioVersion = 10.0.40219.1
Project("{FAE04EC0-301F-11D3-BF4B-00C04F79EFBC}") = "SplitTextFiles", "SplitTextFiles\SplitTextFiles.csproj", "{ECEB522E-1060-4563-82C5-9A7A9250EBA4}"
EndProject
Global
	GlobalSection(SolutionConfigurationPlatforms) = preSolution
		Debug|Any CPU = Debug|Any CPU
		Release|Any CPU = Release|Any CPU
	EndGlobalSection
	GlobalSection(ProjectConfigurationPlatforms) = postSolution
		{ECEB522E-1060-4563-82C5-9A7A9250EBA4}.Debug|Any CPU.ActiveCfg = Debug|Any CPU
		{ECEB522E-1060-4563-82C5-9A7A9250EBA4}.Debug|Any CPU.Build.0 = Debug|Any CPU
		{ECEB522E-1060-4563-82C5-9A7A9250EBA4}.Release|Any CPU.ActiveCfg = Release|Any CPU
		{ECEB522E-1060-4563-82C5-9A7A9250EBA4}.Release|Any CPU.Build.0 = Release|Any CPU
	EndGlobalSection
	GlobalSection(SolutionProperties) = preSolution
		HideSolutionNode = FALSE
	EndGlobalSection
	GlobalSection(ExtensibilityGlobals) = postSolution
		SolutionGuid = {552624FB-839A-4D74-870E-8C00104BEE8E}
	EndGlobalSection
EndGlobal
